
Microsoft Visual Studio Solution File, Format Version 12.00
# Visual Studio Version 17
VisualStudioVersion = 17.8.34322.80
MinimumVisualStudioVersion = 10.0.40219.1
Project("{FAE04EC0-301F-11D3-BF4B-00C04F79EFBC}") = "ContactsApplication.Server", "ContactsApplication.Server\ContactsApplication.Server.csproj", "{0A1B301F-59F0-4329-BB04-A08C69AAF70D}"
EndProject
Project("{54A90642-561A-4BB1-A94E-469ADEE60C69}") = "contactsapplication.client", "contactsapplication.client\contactsapplication.client.esproj", "{13664EC8-BF2B-4F19-8CF8-16FE22E7210C}"
EndProject
Global
	GlobalSection(SolutionConfigurationPlatforms) = preSolution
		Debug|Any CPU = Debug|Any CPU
		Release|Any CPU = Release|Any CPU
	EndGlobalSection
	GlobalSection(ProjectConfigurationPlatforms) = postSolution
		{0A1B301F-59F0-4329-BB04-A08C69AAF70D}.Debug|Any CPU.ActiveCfg = Debug|Any CPU
		{0A1B301F-59F0-4329-BB04-A08C69AAF70D}.Debug|Any CPU.Build.0 = Debug|Any CPU
		{0A1B301F-59F0-4329-BB04-A08C69AAF70D}.Release|Any CPU.ActiveCfg = Release|Any CPU
		{0A1B301F-59F0-4329-BB04-A08C69AAF70D}.Release|Any CPU.Build.0 = Release|Any CPU
		{13664EC8-BF2B-4F19-8CF8-16FE22E7210C}.Debug|Any CPU.ActiveCfg = Debug|Any CPU
		{13664EC8-BF2B-4F19-8CF8-16FE22E7210C}.Debug|Any CPU.Build.0 = Debug|Any CPU
		{13664EC8-BF2B-4F19-8CF8-16FE22E7210C}.Debug|Any CPU.Deploy.0 = Debug|Any CPU
		{13664EC8-BF2B-4F19-8CF8-16FE22E7210C}.Release|Any CPU.ActiveCfg = Release|Any CPU
		{13664EC8-BF2B-4F19-8CF8-16FE22E7210C}.Release|Any CPU.Build.0 = Release|Any CPU
		{13664EC8-BF2B-4F19-8CF8-16FE22E7210C}.Release|Any CPU.Deploy.0 = Release|Any CPU
	EndGlobalSection
	GlobalSection(SolutionProperties) = preSolution
		HideSolutionNode = FALSE
	EndGlobalSection
	GlobalSection(ExtensibilityGlobals) = postSolution
		SolutionGuid = {BF892D33-A8D2-41FA-AB5B-461D2A1AEC5D}
	EndGlobalSection
EndGlobal
